
Microsoft Visual Studio Solution File, Format Version 12.00
# Visual Studio Version 17
VisualStudioVersion = 17.11.35327.3
MinimumVisualStudioVersion = 10.0.40219.1
Project("{FAE04EC0-301F-11D3-BF4B-00C04F79EFBC}") = "ImgCmprsr", "ImgCmprsr.csproj", "{94AE2942-9D2D-44FE-88F5-1D7EBE66B7BB}"
EndProject
Global
	GlobalSection(SolutionConfigurationPlatforms) = preSolution
		Debug|Any CPU = Debug|Any CPU
		Release|Any CPU = Release|Any CPU
	EndGlobalSection
	GlobalSection(ProjectConfigurationPlatforms) = postSolution
		{94AE2942-9D2D-44FE-88F5-1D7EBE66B7BB}.Debug|Any CPU.ActiveCfg = Debug|Any CPU
		{94AE2942-9D2D-44FE-88F5-1D7EBE66B7BB}.Debug|Any CPU.Build.0 = Debug|Any CPU
		{94AE2942-9D2D-44FE-88F5-1D7EBE66B7BB}.Release|Any CPU.ActiveCfg = Release|Any CPU
		{94AE2942-9D2D-44FE-88F5-1D7EBE66B7BB}.Release|Any CPU.Build.0 = Release|Any CPU
	EndGlobalSection
	GlobalSection(SolutionProperties) = preSolution
		HideSolutionNode = FALSE
	EndGlobalSection
	GlobalSection(ExtensibilityGlobals) = postSolution
		SolutionGuid = {34C7E806-820A-4F8F-B66A-BF4950C277FC}
	EndGlobalSection
EndGlobal
